
Microsoft Visual Studio Solution File, Format Version 12.00
# Visual Studio Version 17
VisualStudioVersion = 17.0.31919.166
MinimumVisualStudioVersion = 10.0.40219.1
Project("{FAE04EC0-301F-11D3-BF4B-00C04F79EFBC}") = "AdventOfCode", "AdventOfCode.csproj", "{9146D297-A7AC-422D-8FF5-57A505F180CD}"
EndProject
Global
	GlobalSection(SolutionConfigurationPlatforms) = preSolution
		Debug|Any CPU = Debug|Any CPU
		Release|Any CPU = Release|Any CPU
	EndGlobalSection
	GlobalSection(ProjectConfigurationPlatforms) = postSolution
		{9146D297-A7AC-422D-8FF5-57A505F180CD}.Debug|Any CPU.ActiveCfg = Debug|Any CPU
		{9146D297-A7AC-422D-8FF5-57A505F180CD}.Debug|Any CPU.Build.0 = Debug|Any CPU
		{9146D297-A7AC-422D-8FF5-57A505F180CD}.Release|Any CPU.ActiveCfg = Release|Any CPU
		{9146D297-A7AC-422D-8FF5-57A505F180CD}.Release|Any CPU.Build.0 = Release|Any CPU
	EndGlobalSection
	GlobalSection(SolutionProperties) = preSolution
		HideSolutionNode = FALSE
	EndGlobalSection
	GlobalSection(ExtensibilityGlobals) = postSolution
		SolutionGuid = {BB4CFCA4-1175-403B-AB8C-03B14F9933FF}
	EndGlobalSection
EndGlobal
